
Microsoft Visual Studio Solution File, Format Version 12.00
# Visual Studio Version 16
VisualStudioVersion = 16.0.30621.155
MinimumVisualStudioVersion = 10.0.40219.1
Project("{FAE04EC0-301F-11D3-BF4B-00C04F79EFBC}") = "SSC.TelegramBotApp", "SSC.TelegramBotApp\SSC.TelegramBotApp.csproj", "{9CAEC8BA-46BF-421B-BD9A-C67D33EF6BA8}"
EndProject
Global
	GlobalSection(SolutionConfigurationPlatforms) = preSolution
		Debug|Any CPU = Debug|Any CPU
		Release|Any CPU = Release|Any CPU
	EndGlobalSection
	GlobalSection(ProjectConfigurationPlatforms) = postSolution
		{9CAEC8BA-46BF-421B-BD9A-C67D33EF6BA8}.Debug|Any CPU.ActiveCfg = Debug|Any CPU
		{9CAEC8BA-46BF-421B-BD9A-C67D33EF6BA8}.Debug|Any CPU.Build.0 = Debug|Any CPU
		{9CAEC8BA-46BF-421B-BD9A-C67D33EF6BA8}.Release|Any CPU.ActiveCfg = Release|Any CPU
		{9CAEC8BA-46BF-421B-BD9A-C67D33EF6BA8}.Release|Any CPU.Build.0 = Release|Any CPU
	EndGlobalSection
	GlobalSection(SolutionProperties) = preSolution
		HideSolutionNode = FALSE
	EndGlobalSection
	GlobalSection(ExtensibilityGlobals) = postSolution
		SolutionGuid = {8C2076C2-40DD-4339-9A46-8170EE468E97}
	EndGlobalSection
EndGlobal
